
Microsoft Visual Studio Solution File, Format Version 12.00
# Visual Studio 15
VisualStudioVersion = 15.0.28307.168
MinimumVisualStudioVersion = 10.0.40219.1
Project("{FAE04EC0-301F-11D3-BF4B-00C04F79EFBC}") = "6th homework", "6th homework\6th homework.csproj", "{4C7C7036-DDF0-4EA9-BF3C-200B531B0C6C}"
EndProject
Global
	GlobalSection(SolutionConfigurationPlatforms) = preSolution
		Debug|Any CPU = Debug|Any CPU
		Release|Any CPU = Release|Any CPU
	EndGlobalSection
	GlobalSection(ProjectConfigurationPlatforms) = postSolution
		{4C7C7036-DDF0-4EA9-BF3C-200B531B0C6C}.Debug|Any CPU.ActiveCfg = Debug|Any CPU
		{4C7C7036-DDF0-4EA9-BF3C-200B531B0C6C}.Debug|Any CPU.Build.0 = Debug|Any CPU
		{4C7C7036-DDF0-4EA9-BF3C-200B531B0C6C}.Release|Any CPU.ActiveCfg = Release|Any CPU
		{4C7C7036-DDF0-4EA9-BF3C-200B531B0C6C}.Release|Any CPU.Build.0 = Release|Any CPU
	EndGlobalSection
	GlobalSection(SolutionProperties) = preSolution
		HideSolutionNode = FALSE
	EndGlobalSection
	GlobalSection(ExtensibilityGlobals) = postSolution
		SolutionGuid = {8345C98C-F9C2-4015-B9A8-94C4BF45EE83}
	EndGlobalSection
EndGlobal
